
Microsoft Visual Studio Solution File, Format Version 12.00
# Visual Studio Version 17
VisualStudioVersion = 17.10.35027.167
MinimumVisualStudioVersion = 10.0.40219.1
Project("{FAE04EC0-301F-11D3-BF4B-00C04F79EFBC}") = "CMD.CutOptimizerTest", "CMD.CutOptimizerTest\CMD.CutOptimizerTest.csproj", "{50119CCE-4B73-4FD2-A268-B812CB8EAB3D}"
EndProject
Project("{FAE04EC0-301F-11D3-BF4B-00C04F79EFBC}") = "LIB.CutOptimizer", "Lib.CutOptimizer\LIB.CutOptimizer.csproj", "{25D0238D-581A-4081-A22D-430EC185724C}"
EndProject
Global
	GlobalSection(SolutionConfigurationPlatforms) = preSolution
		Debug|Any CPU = Debug|Any CPU
		Release|Any CPU = Release|Any CPU
	EndGlobalSection
	GlobalSection(ProjectConfigurationPlatforms) = postSolution
		{50119CCE-4B73-4FD2-A268-B812CB8EAB3D}.Debug|Any CPU.ActiveCfg = Debug|Any CPU
		{50119CCE-4B73-4FD2-A268-B812CB8EAB3D}.Debug|Any CPU.Build.0 = Debug|Any CPU
		{50119CCE-4B73-4FD2-A268-B812CB8EAB3D}.Release|Any CPU.ActiveCfg = Release|Any CPU
		{50119CCE-4B73-4FD2-A268-B812CB8EAB3D}.Release|Any CPU.Build.0 = Release|Any CPU
		{25D0238D-581A-4081-A22D-430EC185724C}.Debug|Any CPU.ActiveCfg = Debug|Any CPU
		{25D0238D-581A-4081-A22D-430EC185724C}.Debug|Any CPU.Build.0 = Debug|Any CPU
		{25D0238D-581A-4081-A22D-430EC185724C}.Release|Any CPU.ActiveCfg = Release|Any CPU
		{25D0238D-581A-4081-A22D-430EC185724C}.Release|Any CPU.Build.0 = Release|Any CPU
	EndGlobalSection
	GlobalSection(SolutionProperties) = preSolution
		HideSolutionNode = FALSE
	EndGlobalSection
	GlobalSection(ExtensibilityGlobals) = postSolution
		SolutionGuid = {7BD89ABC-35C5-45A2-B4AE-A1B3A2F8BC47}
	EndGlobalSection
EndGlobal
